
Microsoft Visual Studio Solution File, Format Version 12.00
# Visual Studio Version 16
VisualStudioVersion = 16.0.29519.181
MinimumVisualStudioVersion = 10.0.40219.1
Project("{FAE04EC0-301F-11D3-BF4B-00C04F79EFBC}") = "DateAndTimeManipulation", "DateAndTimeManipulation.csproj", "{5E5E15C7-43E8-49DE-82DD-BA2B0EB43053}"
EndProject
Global
	GlobalSection(SolutionConfigurationPlatforms) = preSolution
		Debug|Any CPU = Debug|Any CPU
		Release|Any CPU = Release|Any CPU
	EndGlobalSection
	GlobalSection(ProjectConfigurationPlatforms) = postSolution
		{5E5E15C7-43E8-49DE-82DD-BA2B0EB43053}.Debug|Any CPU.ActiveCfg = Debug|Any CPU
		{5E5E15C7-43E8-49DE-82DD-BA2B0EB43053}.Debug|Any CPU.Build.0 = Debug|Any CPU
		{5E5E15C7-43E8-49DE-82DD-BA2B0EB43053}.Release|Any CPU.ActiveCfg = Release|Any CPU
		{5E5E15C7-43E8-49DE-82DD-BA2B0EB43053}.Release|Any CPU.Build.0 = Release|Any CPU
	EndGlobalSection
	GlobalSection(SolutionProperties) = preSolution
		HideSolutionNode = FALSE
	EndGlobalSection
	GlobalSection(ExtensibilityGlobals) = postSolution
		SolutionGuid = {D56DF536-9643-450E-8193-B1BADA9B257B}
	EndGlobalSection
EndGlobal
