
Microsoft Visual Studio Solution File, Format Version 12.00
# Visual Studio 15
VisualStudioVersion = 15.0.28307.779
MinimumVisualStudioVersion = 10.0.40219.1
Project("{FAE04EC0-301F-11D3-BF4B-00C04F79EFBC}") = "PhotoCompetition", "PhotoCompetition\PhotoCompetition.csproj", "{0F18B618-E74B-4E37-8CF0-4FC4372D77DA}"
EndProject
Global
	GlobalSection(SolutionConfigurationPlatforms) = preSolution
		Debug|Any CPU = Debug|Any CPU
		Release|Any CPU = Release|Any CPU
	EndGlobalSection
	GlobalSection(ProjectConfigurationPlatforms) = postSolution
		{0F18B618-E74B-4E37-8CF0-4FC4372D77DA}.Debug|Any CPU.ActiveCfg = Debug|Any CPU
		{0F18B618-E74B-4E37-8CF0-4FC4372D77DA}.Debug|Any CPU.Build.0 = Debug|Any CPU
		{0F18B618-E74B-4E37-8CF0-4FC4372D77DA}.Release|Any CPU.ActiveCfg = Release|Any CPU
		{0F18B618-E74B-4E37-8CF0-4FC4372D77DA}.Release|Any CPU.Build.0 = Release|Any CPU
	EndGlobalSection
	GlobalSection(SolutionProperties) = preSolution
		HideSolutionNode = FALSE
	EndGlobalSection
	GlobalSection(ExtensibilityGlobals) = postSolution
		SolutionGuid = {78064170-C7E2-4218-82CE-1B39A4813E55}
	EndGlobalSection
EndGlobal
